// !$*UTF8*$!
{
	archiveVersion = 1;
	classes = {
	};
	objectVersion = 50;
	objects = {

/* Begin PBXBuildFile section */
		36E9D54682787190FFD284E8 /* Pods_Swift5_RemotePush.framework in Frameworks */ = {isa = PBXBuildFile; fileRef = A258F7F9ABFF49D328822978 /* Pods_Swift5_RemotePush.framework */; };
		403EACD6DE460EE0FCCEA41D /* Pods_Swift5_RemotePushTests.framework in Frameworks */ = {isa = PBXBuildFile; fileRef = 7E3B5F620AADE03BBC967DF5 /* Pods_Swift5_RemotePushTests.framework */; };
		5CD87A72CF7384C07687ADAA /* Pods_Swift5_RemotePush_Swift5_RemotePushUITests.framework in Frameworks */ = {isa = PBXBuildFile; fileRef = 469CF23BA513148F2433B0E7 /* Pods_Swift5_RemotePush_Swift5_RemotePushUITests.framework */; };
		E718F203249DCD2E00685D59 /* AppDelegate.swift in Sources */ = {isa = PBXBuildFile; fileRef = E718F202249DCD2E00685D59 /* AppDelegate.swift */; };
		E718F205249DCD2E00685D59 /* SceneDelegate.swift in Sources */ = {isa = PBXBuildFile; fileRef = E718F204249DCD2E00685D59 /* SceneDelegate.swift */; };
		E718F207249DCD2E00685D59 /* ViewController.swift in Sources */ = {isa = PBXBuildFile; fileRef = E718F206249DCD2E00685D59 /* ViewController.swift */; };
		E718F20A249DCD2E00685D59 /* Main.storyboard in Resources */ = {isa = PBXBuildFile; fileRef = E718F208249DCD2E00685D59 /* Main.storyboard */; };
		E718F20C249DCD3300685D59 /* Assets.xcassets in Resources */ = {isa = PBXBuildFile; fileRef = E718F20B249DCD3300685D59 /* Assets.xcassets */; };
		E718F20F249DCD3300685D59 /* LaunchScreen.storyboard in Resources */ = {isa = PBXBuildFile; fileRef = E718F20D249DCD3300685D59 /* LaunchScreen.storyboard */; };
		E718F21A249DCD3300685D59 /* Swift5_RemotePushTests.swift in Sources */ = {isa = PBXBuildFile; fileRef = E718F219249DCD3300685D59 /* Swift5_RemotePushTests.swift */; };
		E718F225249DCD3300685D59 /* Swift5_RemotePushUITests.swift in Sources */ = {isa = PBXBuildFile; fileRef = E718F224249DCD3300685D59 /* Swift5_RemotePushUITests.swift */; };
/* End PBXBuildFile section */

/* Begin PBXContainerItemProxy section */
		E718F216249DCD3300685D59 /* PBXContainerItemProxy */ = {
			isa = PBXContainerItemProxy;
			containerPortal = E718F1F7249DCD2E00685D59 /* Project object */;
			proxyType = 1;
			remoteGlobalIDString = E718F1FE249DCD2E00685D59;
			remoteInfo = "Swift5 RemotePush";
		};
		E718F221249DCD3300685D59 /* PBXContainerItemProxy */ = {
			isa = PBXContainerItemProxy;
			containerPortal = E718F1F7249DCD2E00685D59 /* Project object */;
			proxyType = 1;
			remoteGlobalIDString = E718F1FE249DCD2E00685D59;
			remoteInfo = "Swift5 RemotePush";
		};
/* End PBXContainerItemProxy section */

/* Begin PBXFileReference section */
		16BAC2822BEB261DF6880229 /* Pods-Swift5 RemotePush-Swift5 RemotePushUITests.debug.xcconfig */ = {isa = PBXFileReference; includeInIndex = 1; lastKnownFileType = text.xcconfig; name = "Pods-Swift5 RemotePush-Swift5 RemotePushUITests.debug.xcconfig"; path = "Target Support Files/Pods-Swift5 RemotePush-Swift5 RemotePushUITests/Pods-Swift5 RemotePush-Swift5 RemotePushUITests.debug.xcconfig"; sourceTree = "<group>"; };
		2BCD7305E9E3F3EE235357CF /* Pods-Swift5 RemotePush-Swift5 RemotePushUITests.release.xcconfig */ = {isa = PBXFileReference; includeInIndex = 1; lastKnownFileType = text.xcconfig; name = "Pods-Swift5 RemotePush-Swift5 RemotePushUITests.release.xcconfig"; path = "Target Support Files/Pods-Swift5 RemotePush-Swift5 RemotePushUITests/Pods-Swift5 RemotePush-Swift5 RemotePushUITests.release.xcconfig"; sourceTree = "<group>"; };
		469CF23BA513148F2433B0E7 /* Pods_Swift5_RemotePush_Swift5_RemotePushUITests.framework */ = {isa = PBXFileReference; explicitFileType = wrapper.framework; includeInIndex = 0; path = Pods_Swift5_RemotePush_Swift5_RemotePushUITests.framework; sourceTree = BUILT_PRODUCTS_DIR; };
		7E3B5F620AADE03BBC967DF5 /* Pods_Swift5_RemotePushTests.framework */ = {isa = PBXFileReference; explicitFileType = wrapper.framework; includeInIndex = 0; path = Pods_Swift5_RemotePushTests.framework; sourceTree = BUILT_PRODUCTS_DIR; };
		84E5671A9508EC5F238C1D34 /* Pods-Swift5 RemotePush.release.xcconfig */ = {isa = PBXFileReference; includeInIndex = 1; lastKnownFileType = text.xcconfig; name = "Pods-Swift5 RemotePush.release.xcconfig"; path = "Target Support Files/Pods-Swift5 RemotePush/Pods-Swift5 RemotePush.release.xcconfig"; sourceTree = "<group>"; };
		8BA6FDCAEC7C0EFA7D26A692 /* Pods-Swift5 RemotePushTests.debug.xcconfig */ = {isa = PBXFileReference; includeInIndex = 1; lastKnownFileType = text.xcconfig; name = "Pods-Swift5 RemotePushTests.debug.xcconfig"; path = "Target Support Files/Pods-Swift5 RemotePushTests/Pods-Swift5 RemotePushTests.debug.xcconfig"; sourceTree = "<group>"; };
		91012E4A866863ADC80CE64B /* Pods-Swift5 RemotePushTests.release.xcconfig */ = {isa = PBXFileReference; includeInIndex = 1; lastKnownFileType = text.xcconfig; name = "Pods-Swift5 RemotePushTests.release.xcconfig"; path = "Target Support Files/Pods-Swift5 RemotePushTests/Pods-Swift5 RemotePushTests.release.xcconfig"; sourceTree = "<group>"; };
		A258F7F9ABFF49D328822978 /* Pods_Swift5_RemotePush.framework */ = {isa = PBXFileReference; explicitFileType = wrapper.framework; includeInIndex = 0; path = Pods_Swift5_RemotePush.framework; sourceTree = BUILT_PRODUCTS_DIR; };
		C392A58090321441E545CA53 /* Pods-Swift5 RemotePush.debug.xcconfig */ = {isa = PBXFileReference; includeInIndex = 1; lastKnownFileType = text.xcconfig; name = "Pods-Swift5 RemotePush.debug.xcconfig"; path = "Target Support Files/Pods-Swift5 RemotePush/Pods-Swift5 RemotePush.debug.xcconfig"; sourceTree = "<group>"; };
		E718F1FF249DCD2E00685D59 /* Swift5 RemotePush.app */ = {isa = PBXFileReference; explicitFileType = wrapper.application; includeInIndex = 0; path = "Swift5 RemotePush.app"; sourceTree = BUILT_PRODUCTS_DIR; };
		E718F202249DCD2E00685D59 /* AppDelegate.swift */ = {isa = PBXFileReference; lastKnownFileType = sourcecode.swift; path = AppDelegate.swift; sourceTree = "<group>"; };
		E718F204249DCD2E00685D59 /* SceneDelegate.swift */ = {isa = PBXFileReference; lastKnownFileType = sourcecode.swift; path = SceneDelegate.swift; sourceTree = "<group>"; };
		E718F206249DCD2E00685D59 /* ViewController.swift */ = {isa = PBXFileReference; lastKnownFileType = sourcecode.swift; path = ViewController.swift; sourceTree = "<group>"; };
		E718F209249DCD2E00685D59 /* Base */ = {isa = PBXFileReference; lastKnownFileType = file.storyboard; name = Base; path = Base.lproj/Main.storyboard; sourceTree = "<group>"; };
		E718F20B249DCD3300685D59 /* Assets.xcassets */ = {isa = PBXFileReference; lastKnownFileType = folder.assetcatalog; path = Assets.xcassets; sourceTree = "<group>"; };
		E718F20E249DCD3300685D59 /* Base */ = {isa = PBXFileReference; lastKnownFileType = file.storyboard; name = Base; path = Base.lproj/LaunchScreen.storyboard; sourceTree = "<group>"; };
		E718F210249DCD3300685D59 /* Info.plist */ = {isa = PBXFileReference; lastKnownFileType = text.plist.xml; path = Info.plist; sourceTree = "<group>"; };
		E718F215249DCD3300685D59 /* Swift5 RemotePushTests.xctest */ = {isa = PBXFileReference; explicitFileType = wrapper.cfbundle; includeInIndex = 0; path = "Swift5 RemotePushTests.xctest"; sourceTree = BUILT_PRODUCTS_DIR; };
		E718F219249DCD3300685D59 /* Swift5_RemotePushTests.swift */ = {isa = PBXFileReference; lastKnownFileType = sourcecode.swift; path = Swift5_RemotePushTests.swift; sourceTree = "<group>"; };
		E718F21B249DCD3300685D59 /* Info.plist */ = {isa = PBXFileReference; lastKnownFileType = text.plist.xml; path = Info.plist; sourceTree = "<group>"; };
		E718F220249DCD3300685D59 /* Swift5 RemotePushUITests.xctest */ = {isa = PBXFileReference; explicitFileType = wrapper.cfbundle; includeInIndex = 0; path = "Swift5 RemotePushUITests.xctest"; sourceTree = BUILT_PRODUCTS_DIR; };
		E718F224249DCD3300685D59 /* Swift5_RemotePushUITests.swift */ = {isa = PBXFileReference; lastKnownFileType = sourcecode.swift; path = Swift5_RemotePushUITests.swift; sourceTree = "<group>"; };
		E718F226249DCD3300685D59 /* Info.plist */ = {isa = PBXFileReference; lastKnownFileType = text.plist.xml; path = Info.plist; sourceTree = "<group>"; };
/* End PBXFileReference section */

/* Begin PBXFrameworksBuildPhase section */
		E718F1FC249DCD2E00685D59 /* Frameworks */ = {
			isa = PBXFrameworksBuildPhase;
			buildActionMask = 2147483647;
			files = (
				36E9D54682787190FFD284E8 /* Pods_Swift5_RemotePush.framework in Frameworks */,
			);
			runOnlyForDeploymentPostprocessing = 0;
		};
		E718F212249DCD3300685D59 /* Frameworks */ = {
			isa = PBXFrameworksBuildPhase;
			buildActionMask = 2147483647;
			files = (
				403EACD6DE460EE0FCCEA41D /* Pods_Swift5_RemotePushTests.framework in Frameworks */,
			);
			runOnlyForDeploymentPostprocessing = 0;
		};
		E718F21D249DCD3300685D59 /* Frameworks */ = {
			isa = PBXFrameworksBuildPhase;
			buildActionMask = 2147483647;
			files = (
				5CD87A72CF7384C07687ADAA /* Pods_Swift5_RemotePush_Swift5_RemotePushUITests.framework in Frameworks */,
			);
			runOnlyForDeploymentPostprocessing = 0;
		};
/* End PBXFrameworksBuildPhase section */

/* Begin PBXGroup section */
		6E609E238FEDB356CF3D23B4 /* Pods */ = {
			isa = PBXGroup;
			children = (
				C392A58090321441E545CA53 /* Pods-Swift5 RemotePush.debug.xcconfig */,
				84E5671A9508EC5F238C1D34 /* Pods-Swift5 RemotePush.release.xcconfig */,
				16BAC2822BEB261DF6880229 /* Pods-Swift5 RemotePush-Swift5 RemotePushUITests.debug.xcconfig */,
				2BCD7305E9E3F3EE235357CF /* Pods-Swift5 RemotePush-Swift5 RemotePushUITests.release.xcconfig */,
				8BA6FDCAEC7C0EFA7D26A692 /* Pods-Swift5 RemotePushTests.debug.xcconfig */,
				91012E4A866863ADC80CE64B /* Pods-Swift5 RemotePushTests.release.xcconfig */,
			);
			name = Pods;
			path = Pods;
			sourceTree = "<group>";
		};
		C6BB1D8E3FA208C67EDC9A67 /* Frameworks */ = {
			isa = PBXGroup;
			children = (
				A258F7F9ABFF49D328822978 /* Pods_Swift5_RemotePush.framework */,
				469CF23BA513148F2433B0E7 /* Pods_Swift5_RemotePush_Swift5_RemotePushUITests.framework */,
				7E3B5F620AADE03BBC967DF5 /* Pods_Swift5_RemotePushTests.framework */,
			);
			name = Frameworks;
			sourceTree = "<group>";
		};
		E718F1F6249DCD2E00685D59 = {
			isa = PBXGroup;
			children = (
				E718F201249DCD2E00685D59 /* Swift5 RemotePush */,
				E718F218249DCD3300685D59 /* Swift5 RemotePushTests */,
				E718F223249DCD3300685D59 /* Swift5 RemotePushUITests */,
				E718F200249DCD2E00685D59 /* Products */,
				6E609E238FEDB356CF3D23B4 /* Pods */,
				C6BB1D8E3FA208C67EDC9A67 /* Frameworks */,
			);
			sourceTree = "<group>";
		};
		E718F200249DCD2E00685D59 /* Products */ = {
			isa = PBXGroup;
			children = (
				E718F1FF249DCD2E00685D59 /* Swift5 RemotePush.app */,
				E718F215249DCD3300685D59 /* Swift5 RemotePushTests.xctest */,
				E718F220249DCD3300685D59 /* Swift5 RemotePushUITests.xctest */,
			);
			name = Products;
			sourceTree = "<group>";
		};
		E718F201249DCD2E00685D59 /* Swift5 RemotePush */ = {
			isa = PBXGroup;
			children = (
				E718F202249DCD2E00685D59 /* AppDelegate.swift */,
				E718F204249DCD2E00685D59 /* SceneDelegate.swift */,
				E718F206249DCD2E00685D59 /* ViewController.swift */,
				E718F208249DCD2E00685D59 /* Main.storyboard */,
				E718F20B249DCD3300685D59 /* Assets.xcassets */,
				E718F20D249DCD3300685D59 /* LaunchScreen.storyboard */,
				E718F210249DCD3300685D59 /* Info.plist */,
			);
			path = "Swift5 RemotePush";
			sourceTree = "<group>";
		};
		E718F218249DCD3300685D59 /* Swift5 RemotePushTests */ = {
			isa = PBXGroup;
			children = (
				E718F219249DCD3300685D59 /* Swift5_RemotePushTests.swift */,
				E718F21B249DCD3300685D59 /* Info.plist */,
			);
			path = "Swift5 RemotePushTests";
			sourceTree = "<group>";
		};
		E718F223249DCD3300685D59 /* Swift5 RemotePushUITests */ = {
			isa = PBXGroup;
			children = (
				E718F224249DCD3300685D59 /* Swift5_RemotePushUITests.swift */,
				E718F226249DCD3300685D59 /* Info.plist */,
			);
			path = "Swift5 RemotePushUITests";
			sourceTree = "<group>";
		};
/* End PBXGroup section */

/* Begin PBXNativeTarget section */
		E718F1FE249DCD2E00685D59 /* Swift5 RemotePush */ = {
			isa = PBXNativeTarget;
			buildConfigurationList = E718F229249DCD3300685D59 /* Build configuration list for PBXNativeTarget "Swift5 RemotePush" */;
			buildPhases = (
				634A42E0B7086EBE3BB062E5 /* [CP] Check Pods Manifest.lock */,
				E718F1FB249DCD2E00685D59 /* Sources */,
				E718F1FC249DCD2E00685D59 /* Frameworks */,
				E718F1FD249DCD2E00685D59 /* Resources */,
				37A920E631FD16CD10AFDEF4 /* [CP] Embed Pods Frameworks */,
			);
			buildRules = (
			);
			dependencies = (
			);
			name = "Swift5 RemotePush";
			productName = "Swift5 RemotePush";
			productReference = E718F1FF249DCD2E00685D59 /* Swift5 RemotePush.app */;
			productType = "com.apple.product-type.application";
		};
		E718F214249DCD3300685D59 /* Swift5 RemotePushTests */ = {
			isa = PBXNativeTarget;
			buildConfigurationList = E718F22C249DCD3300685D59 /* Build configuration list for PBXNativeTarget "Swift5 RemotePushTests" */;
			buildPhases = (
				C66AA6F3F45DB15A4794F7DA /* [CP] Check Pods Manifest.lock */,
				E718F211249DCD3300685D59 /* Sources */,
				E718F212249DCD3300685D59 /* Frameworks */,
				E718F213249DCD3300685D59 /* Resources */,
			);
			buildRules = (
			);
			dependencies = (
				E718F217249DCD3300685D59 /* PBXTargetDependency */,
			);
			name = "Swift5 RemotePushTests";
			productName = "Swift5 RemotePushTests";
			productReference = E718F215249DCD3300685D59 /* Swift5 RemotePushTests.xctest */;
			productType = "com.apple.product-type.bundle.unit-test";
		};
		E718F21F249DCD3300685D59 /* Swift5 RemotePushUITests */ = {
			isa = PBXNativeTarget;
			buildConfigurationList = E718F22F249DCD3300685D59 /* Build configuration list for PBXNativeTarget "Swift5 RemotePushUITests" */;
			buildPhases = (
				6C6A35D771EED65327CABB04 /* [CP] Check Pods Manifest.lock */,
				E718F21C249DCD3300685D59 /* Sources */,
				E718F21D249DCD3300685D59 /* Frameworks */,
				E718F21E249DCD3300685D59 /* Resources */,
				83217C727ED94A9BAC2F95E4 /* [CP] Embed Pods Frameworks */,
			);
			buildRules = (
			);
			dependencies = (
				E718F222249DCD3300685D59 /* PBXTargetDependency */,
			);
			name = "Swift5 RemotePushUITests";
			productName = "Swift5 RemotePushUITests";
			productReference = E718F220249DCD3300685D59 /* Swift5 RemotePushUITests.xctest */;
			productType = "com.apple.product-type.bundle.ui-testing";
		};
/* End PBXNativeTarget section */

/* Begin PBXProject section */
		E718F1F7249DCD2E00685D59 /* Project object */ = {
			isa = PBXProject;
			attributes = {
				LastSwiftUpdateCheck = 1140;
				LastUpgradeCheck = 1140;
				ORGANIZATIONNAME = Hiroaki_Hirabayashi;
				TargetAttributes = {
					E718F1FE249DCD2E00685D59 = {
						CreatedOnToolsVersion = 11.4;
					};
					E718F214249DCD3300685D59 = {
						CreatedOnToolsVersion = 11.4;
						TestTargetID = E718F1FE249DCD2E00685D59;
					};
					E718F21F249DCD3300685D59 = {
						CreatedOnToolsVersion = 11.4;
						TestTargetID = E718F1FE249DCD2E00685D59;
					};
				};
			};
			buildConfigurationList = E718F1FA249DCD2E00685D59 /* Build configuration list for PBXProject "Swift5 RemotePush" */;
			compatibilityVersion = "Xcode 9.3";
			developmentRegion = en;
			hasScannedForEncodings = 0;
			knownRegions = (
				en,
				Base,
			);
			mainGroup = E718F1F6249DCD2E00685D59;
			productRefGroup = E718F200249DCD2E00685D59 /* Products */;
			projectDirPath = "";
			projectRoot = "";
			targets = (
				E718F1FE249DCD2E00685D59 /* Swift5 RemotePush */,
				E718F214249DCD3300685D59 /* Swift5 RemotePushTests */,
				E718F21F249DCD3300685D59 /* Swift5 RemotePushUITests */,
			);
		};
/* End PBXProject section */

/* Begin PBXResourcesBuildPhase section */
		E718F1FD249DCD2E00685D59 /* Resources */ = {
			isa = PBXResourcesBuildPhase;
			buildActionMask = 2147483647;
			files = (
				E718F20F249DCD3300685D59 /* LaunchScreen.storyboard in Resources */,
				E718F20C249DCD3300685D59 /* Assets.xcassets in Resources */,
				E718F20A249DCD2E00685D59 /* Main.storyboard in Resources */,
			);
			runOnlyForDeploymentPostprocessing = 0;
		};
		E718F213249DCD3300685D59 /* Resources */ = {
			isa = PBXResourcesBuildPhase;
			buildActionMask = 2147483647;
			files = (
			);
			runOnlyForDeploymentPostprocessing = 0;
		};
		E718F21E249DCD3300685D59 /* Resources */ = {
			isa = PBXResourcesBuildPhase;
			buildActionMask = 2147483647;
			files = (
			);
			runOnlyForDeploymentPostprocessing = 0;
		};
/* End PBXResourcesBuildPhase section */

/* Begin PBXShellScriptBuildPhase section */
		37A920E631FD16CD10AFDEF4 /* [CP] Embed Pods Frameworks */ = {
			isa = PBXShellScriptBuildPhase;
			buildActionMask = 2147483647;
			files = (
			);
			inputFileListPaths = (
				"${PODS_ROOT}/Target Support Files/Pods-Swift5 RemotePush/Pods-Swift5 RemotePush-frameworks-${CONFIGURATION}-input-files.xcfilelist",
			);
			name = "[CP] Embed Pods Frameworks";
			outputFileListPaths = (
				"${PODS_ROOT}/Target Support Files/Pods-Swift5 RemotePush/Pods-Swift5 RemotePush-frameworks-${CONFIGURATION}-output-files.xcfilelist",
			);
			runOnlyForDeploymentPostprocessing = 0;
			shellPath = /bin/sh;
			shellScript = "\"${PODS_ROOT}/Target Support Files/Pods-Swift5 RemotePush/Pods-Swift5 RemotePush-frameworks.sh\"\n";
			showEnvVarsInLog = 0;
		};
		634A42E0B7086EBE3BB062E5 /* [CP] Check Pods Manifest.lock */ = {
			isa = PBXShellScriptBuildPhase;
			buildActionMask = 2147483647;
			files = (
			);
			inputFileListPaths = (
			);
			inputPaths = (
				"${PODS_PODFILE_DIR_PATH}/Podfile.lock",
				"${PODS_ROOT}/Manifest.lock",
			);
			name = "[CP] Check Pods Manifest.lock";
			outputFileListPaths = (
			);
			outputPaths = (
				"$(DERIVED_FILE_DIR)/Pods-Swift5 RemotePush-checkManifestLockResult.txt",
			);
			runOnlyForDeploymentPostprocessing = 0;
			shellPath = /bin/sh;
			shellScript = "diff \"${PODS_PODFILE_DIR_PATH}/Podfile.lock\" \"${PODS_ROOT}/Manifest.lock\" > /dev/null\nif [ $? != 0 ] ; then\n    # print error to STDERR\n    echo \"error: The sandbox is not in sync with the Podfile.lock. Run 'pod install' or update your CocoaPods installation.\" >&2\n    exit 1\nfi\n# This output is used by Xcode 'outputs' to avoid re-running this script phase.\necho \"SUCCESS\" > \"${SCRIPT_OUTPUT_FILE_0}\"\n";
			showEnvVarsInLog = 0;
		};
		6C6A35D771EED65327CABB04 /* [CP] Check Pods Manifest.lock */ = {
			isa = PBXShellScriptBuildPhase;
			buildActionMask = 2147483647;
			files = (
			);
			inputFileListPaths = (
			);
			inputPaths = (
				"${PODS_PODFILE_DIR_PATH}/Podfile.lock",
				"${PODS_ROOT}/Manifest.lock",
			);
			name = "[CP] Check Pods Manifest.lock";
			outputFileListPaths = (
			);
			outputPaths = (
				"$(DERIVED_FILE_DIR)/Pods-Swift5 RemotePush-Swift5 RemotePushUITests-checkManifestLockResult.txt",
			);
			runOnlyForDeploymentPostprocessing = 0;
			shellPath = /bin/sh;
			shellScript = "diff \"${PODS_PODFILE_DIR_PATH}/Podfile.lock\" \"${PODS_ROOT}/Manifest.lock\" > /dev/null\nif [ $? != 0 ] ; then\n    # print error to STDERR\n    echo \"error: The sandbox is not in sync with the Podfile.lock. Run 'pod install' or update your CocoaPods installation.\" >&2\n    exit 1\nfi\n# This output is used by Xcode 'outputs' to avoid re-running this script phase.\necho \"SUCCESS\" > \"${SCRIPT_OUTPUT_FILE_0}\"\n";
			showEnvVarsInLog = 0;
		};
		83217C727ED94A9BAC2F95E4 /* [CP] Embed Pods Frameworks */ = {
			isa = PBXShellScriptBuildPhase;
			buildActionMask = 2147483647;
			files = (
			);
			inputFileListPaths = (
				"${PODS_ROOT}/Target Support Files/Pods-Swift5 RemotePush-Swift5 RemotePushUITests/Pods-Swift5 RemotePush-Swift5 RemotePushUITests-frameworks-${CONFIGURATION}-input-files.xcfilelist",
			);
			name = "[CP] Embed Pods Frameworks";
			outputFileListPaths = (
				"${PODS_ROOT}/Target Support Files/Pods-Swift5 RemotePush-Swift5 RemotePushUITests/Pods-Swift5 RemotePush-Swift5 RemotePushUITests-frameworks-${CONFIGURATION}-output-files.xcfilelist",
			);
			runOnlyForDeploymentPostprocessing = 0;
			shellPath = /bin/sh;
			shellScript = "\"${PODS_ROOT}/Target Support Files/Pods-Swift5 RemotePush-Swift5 RemotePushUITests/Pods-Swift5 RemotePush-Swift5 RemotePushUITests-frameworks.sh\"\n";
			showEnvVarsInLog = 0;
		};
		C66AA6F3F45DB15A4794F7DA /* [CP] Check Pods Manifest.lock */ = {
			isa = PBXShellScriptBuildPhase;
			buildActionMask = 2147483647;
			files = (
			);
			inputFileListPaths = (
			);
			inputPaths = (
				"${PODS_PODFILE_DIR_PATH}/Podfile.lock",
				"${PODS_ROOT}/Manifest.lock",
			);
			name = "[CP] Check Pods Manifest.lock";
			outputFileListPaths = (
			);
			outputPaths = (
				"$(DERIVED_FILE_DIR)/Pods-Swift5 RemotePushTests-checkManifestLockResult.txt",
			);
			runOnlyForDeploymentPostprocessing = 0;
			shellPath = /bin/sh;
			shellScript = "diff \"${PODS_PODFILE_DIR_PATH}/Podfile.lock\" \"${PODS_ROOT}/Manifest.lock\" > /dev/null\nif [ $? != 0 ] ; then\n    # print error to STDERR\n    echo \"error: The sandbox is not in sync with the Podfile.lock. Run 'pod install' or update your CocoaPods installation.\" >&2\n    exit 1\nfi\n# This output is used by Xcode 'outputs' to avoid re-running this script phase.\necho \"SUCCESS\" > \"${SCRIPT_OUTPUT_FILE_0}\"\n";
			showEnvVarsInLog = 0;
		};
/* End PBXShellScriptBuildPhase section */

/* Begin PBXSourcesBuildPhase section */
		E718F1FB249DCD2E00685D59 /* Sources */ = {
			isa = PBXSourcesBuildPhase;
			buildActionMask = 2147483647;
			files = (
				E718F207249DCD2E00685D59 /* ViewController.swift in Sources */,
				E718F203249DCD2E00685D59 /* AppDelegate.swift in Sources */,
				E718F205249DCD2E00685D59 /* SceneDelegate.swift in Sources */,
			);
			runOnlyForDeploymentPostprocessing = 0;
		};
		E718F211249DCD3300685D59 /* Sources */ = {
			isa = PBXSourcesBuildPhase;
			buildActionMask = 2147483647;
			files = (
				E718F21A249DCD3300685D59 /* Swift5_RemotePushTests.swift in Sources */,
			);
			runOnlyForDeploymentPostprocessing = 0;
		};
		E718F21C249DCD3300685D59 /* Sources */ = {
			isa = PBXSourcesBuildPhase;
			buildActionMask = 2147483647;
			files = (
				E718F225249DCD3300685D59 /* Swift5_RemotePushUITests.swift in Sources */,
			);
			runOnlyForDeploymentPostprocessing = 0;
		};
/* End PBXSourcesBuildPhase section */

/* Begin PBXTargetDependency section */
		E718F217249DCD3300685D59 /* PBXTargetDependency */ = {
			isa = PBXTargetDependency;
			target = E718F1FE249DCD2E00685D59 /* Swift5 RemotePush */;
			targetProxy = E718F216249DCD3300685D59 /* PBXContainerItemProxy */;
		};
		E718F222249DCD3300685D59 /* PBXTargetDependency */ = {
			isa = PBXTargetDependency;
			target = E718F1FE249DCD2E00685D59 /* Swift5 RemotePush */;
			targetProxy = E718F221249DCD3300685D59 /* PBXContainerItemProxy */;
		};
/* End PBXTargetDependency section */

/* Begin PBXVariantGroup section */
		E718F208249DCD2E00685D59 /* Main.storyboard */ = {
			isa = PBXVariantGroup;
			children = (
				E718F209249DCD2E00685D59 /* Base */,
			);
			name = Main.storyboard;
			sourceTree = "<group>";
		};
		E718F20D249DCD3300685D59 /* LaunchScreen.storyboard */ = {
			isa = PBXVariantGroup;
			children = (
				E718F20E249DCD3300685D59 /* Base */,
			);
			name = LaunchScreen.storyboard;
			sourceTree = "<group>";
		};
/* End PBXVariantGroup section */

/* Begin XCBuildConfiguration section */
		E718F227249DCD3300685D59 /* Debug */ = {
			isa = XCBuildConfiguration;
			buildSettings = {
				ALWAYS_SEARCH_USER_PATHS = NO;
				CLANG_ANALYZER_NONNULL = YES;
				CLANG_ANALYZER_NUMBER_OBJECT_CONVERSION = YES_AGGRESSIVE;
				CLANG_CXX_LANGUAGE_STANDARD = "gnu++14";
				CLANG_CXX_LIBRARY = "libc++";
				CLANG_ENABLE_MODULES = YES;
				CLANG_ENABLE_OBJC_ARC = YES;
				CLANG_ENABLE_OBJC_WEAK = YES;
				CLANG_WARN_BLOCK_CAPTURE_AUTORELEASING = YES;
				CLANG_WARN_BOOL_CONVERSION = YES;
				CLANG_WARN_COMMA = YES;
				CLANG_WARN_CONSTANT_CONVERSION = YES;
				CLANG_WARN_DEPRECATED_OBJC_IMPLEMENTATIONS = YES;
				CLANG_WARN_DIRECT_OBJC_ISA_USAGE = YES_ERROR;
				CLANG_WARN_DOCUMENTATION_COMMENTS = YES;
				CLANG_WARN_EMPTY_BODY = YES;
				CLANG_WARN_ENUM_CONVERSION = YES;
				CLANG_WARN_INFINITE_RECURSION = YES;
				CLANG_WARN_INT_CONVERSION = YES;
				CLANG_WARN_NON_LITERAL_NULL_CONVERSION = YES;
				CLANG_WARN_OBJC_IMPLICIT_RETAIN_SELF = YES;
				CLANG_WARN_OBJC_LITERAL_CONVERSION = YES;
				CLANG_WARN_OBJC_ROOT_CLASS = YES_ERROR;
				CLANG_WARN_RANGE_LOOP_ANALYSIS = YES;
				CLANG_WARN_STRICT_PROTOTYPES = YES;
				CLANG_WARN_SUSPICIOUS_MOVE = YES;
				CLANG_WARN_UNGUARDED_AVAILABILITY = YES_AGGRESSIVE;
				CLANG_WARN_UNREACHABLE_CODE = YES;
				CLANG_WARN__DUPLICATE_METHOD_MATCH = YES;
				COPY_PHASE_STRIP = NO;
				DEBUG_INFORMATION_FORMAT = dwarf;
				ENABLE_STRICT_OBJC_MSGSEND = YES;
				ENABLE_TESTABILITY = YES;
				GCC_C_LANGUAGE_STANDARD = gnu11;
				GCC_DYNAMIC_NO_PIC = NO;
				GCC_NO_COMMON_BLOCKS = YES;
				GCC_OPTIMIZATION_LEVEL = 0;
				GCC_PREPROCESSOR_DEFINITIONS = (
					"DEBUG=1",
					"$(inherited)",
				);
				GCC_WARN_64_TO_32_BIT_CONVERSION = YES;
				GCC_WARN_ABOUT_RETURN_TYPE = YES_ERROR;
				GCC_WARN_UNDECLARED_SELECTOR = YES;
				GCC_WARN_UNINITIALIZED_AUTOS = YES_AGGRESSIVE;
				GCC_WARN_UNUSED_FUNCTION = YES;
				GCC_WARN_UNUSED_VARIABLE = YES;
				IPHONEOS_DEPLOYMENT_TARGET = 13.4;
				MTL_ENABLE_DEBUG_INFO = INCLUDE_SOURCE;
				MTL_FAST_MATH = YES;
				ONLY_ACTIVE_ARCH = YES;
				SDKROOT = iphoneos;
				SWIFT_ACTIVE_COMPILATION_CONDITIONS = DEBUG;
				SWIFT_OPTIMIZATION_LEVEL = "-Onone";
			};
			name = Debug;
		};
		E718F228249DCD3300685D59 /* Release */ = {
			isa = XCBuildConfiguration;
			buildSettings = {
				ALWAYS_SEARCH_USER_PATHS = NO;
				CLANG_ANALYZER_NONNULL = YES;
				CLANG_ANALYZER_NUMBER_OBJECT_CONVERSION = YES_AGGRESSIVE;
				CLANG_CXX_LANGUAGE_STANDARD = "gnu++14";
				CLANG_CXX_LIBRARY = "libc++";
				CLANG_ENABLE_MODULES = YES;
				CLANG_ENABLE_OBJC_ARC = YES;
				CLANG_ENABLE_OBJC_WEAK = YES;
				CLANG_WARN_BLOCK_CAPTURE_AUTORELEASING = YES;
				CLANG_WARN_BOOL_CONVERSION = YES;
				CLANG_WARN_COMMA = YES;
				CLANG_WARN_CONSTANT_CONVERSION = YES;
				CLANG_WARN_DEPRECATED_OBJC_IMPLEMENTATIONS = YES;
				CLANG_WARN_DIRECT_OBJC_ISA_USAGE = YES_ERROR;
				CLANG_WARN_DOCUMENTATION_COMMENTS = YES;
				CLANG_WARN_EMPTY_BODY = YES;
				CLANG_WARN_ENUM_CONVERSION = YES;
				CLANG_WARN_INFINITE_RECURSION = YES;
				CLANG_WARN_INT_CONVERSION = YES;
				CLANG_WARN_NON_LITERAL_NULL_CONVERSION = YES;
				CLANG_WARN_OBJC_IMPLICIT_RETAIN_SELF = YES;
				CLANG_WARN_OBJC_LITERAL_CONVERSION = YES;
				CLANG_WARN_OBJC_ROOT_CLASS = YES_ERROR;
				CLANG_WARN_RANGE_LOOP_ANALYSIS = YES;
				CLANG_WARN_STRICT_PROTOTYPES = YES;
				CLANG_WARN_SUSPICIOUS_MOVE = YES;
				CLANG_WARN_UNGUARDED_AVAILABILITY = YES_AGGRESSIVE;
				CLANG_WARN_UNREACHABLE_CODE = YES;
				CLANG_WARN__DUPLICATE_METHOD_MATCH = YES;
				COPY_PHASE_STRIP = NO;
				DEBUG_INFORMATION_FORMAT = "dwarf-with-dsym";
				ENABLE_NS_ASSERTIONS = NO;
				ENABLE_STRICT_OBJC_MSGSEND = YES;
				GCC_C_LANGUAGE_STANDARD = gnu11;
				GCC_NO_COMMON_BLOCKS = YES;
				GCC_WARN_64_TO_32_BIT_CONVERSION = YES;
				GCC_WARN_ABOUT_RETURN_TYPE = YES_ERROR;
				GCC_WARN_UNDECLARED_SELECTOR = YES;
				GCC_WARN_UNINITIALIZED_AUTOS = YES_AGGRESSIVE;
				GCC_WARN_UNUSED_FUNCTION = YES;
				GCC_WARN_UNUSED_VARIABLE = YES;
				IPHONEOS_DEPLOYMENT_TARGET = 13.4;
				MTL_ENABLE_DEBUG_INFO = NO;
				MTL_FAST_MATH = YES;
				SDKROOT = iphoneos;
				SWIFT_COMPILATION_MODE = wholemodule;
				SWIFT_OPTIMIZATION_LEVEL = "-O";
				VALIDATE_PRODUCT = YES;
			};
			name = Release;
		};
		E718F22A249DCD3300685D59 /* Debug */ = {
			isa = XCBuildConfiguration;
			baseConfigurationReference = C392A58090321441E545CA53 /* Pods-Swift5 RemotePush.debug.xcconfig */;
			buildSettings = {
				ASSETCATALOG_COMPILER_APPICON_NAME = AppIcon;
				CODE_SIGN_STYLE = Automatic;
				INFOPLIST_FILE = "Swift5 RemotePush/Info.plist";
				LD_RUNPATH_SEARCH_PATHS = (
					"$(inherited)",
					"@executable_path/Frameworks",
				);
				PRODUCT_BUNDLE_IDENTIFIER = "com.-Hiroaki-Hirabayashi.Swift5-RemotePush";
				PRODUCT_NAME = "$(TARGET_NAME)";
				SWIFT_VERSION = 5.0;
				TARGETED_DEVICE_FAMILY = "1,2";
			};
			name = Debug;
		};
		E718F22B249DCD3300685D59 /* Release */ = {
			isa = XCBuildConfiguration;
			baseConfigurationReference = 84E5671A9508EC5F238C1D34 /* Pods-Swift5 RemotePush.release.xcconfig */;
			buildSettings = {
				ASSETCATALOG_COMPILER_APPICON_NAME = AppIcon;
				CODE_SIGN_STYLE = Automatic;
				INFOPLIST_FILE = "Swift5 RemotePush/Info.plist";
				LD_RUNPATH_SEARCH_PATHS = (
					"$(inherited)",
					"@executable_path/Frameworks",
				);
				PRODUCT_BUNDLE_IDENTIFIER = "com.-Hiroaki-Hirabayashi.Swift5-RemotePush";
				PRODUCT_NAME = "$(TARGET_NAME)";
				SWIFT_VERSION = 5.0;
				TARGETED_DEVICE_FAMILY = "1,2";
			};
			name = Release;
		};
		E718F22D249DCD3300685D59 /* Debug */ = {
			isa = XCBuildConfiguration;
			baseConfigurationReference = 8BA6FDCAEC7C0EFA7D26A692 /* Pods-Swift5 RemotePushTests.debug.xcconfig */;
			buildSettings = {
				ALWAYS_EMBED_SWIFT_STANDARD_LIBRARIES = YES;
				BUNDLE_LOADER = "$(TEST_HOST)";
				CODE_SIGN_STYLE = Automatic;
				INFOPLIST_FILE = "Swift5 RemotePushTests/Info.plist";
				IPHONEOS_DEPLOYMENT_TARGET = 13.4;
				LD_RUNPATH_SEARCH_PATHS = (
					"$(inherited)",
					"@executable_path/Frameworks",
					"@loader_path/Frameworks",
				);
				PRODUCT_BUNDLE_IDENTIFIER = "com.-Hiroaki-Hirabayashi.Swift5-RemotePushTests";
				PRODUCT_NAME = "$(TARGET_NAME)";
				SWIFT_VERSION = 5.0;
				TARGETED_DEVICE_FAMILY = "1,2";
				TEST_HOST = "$(BUILT_PRODUCTS_DIR)/Swift5 RemotePush.app/Swift5 RemotePush";
			};
			name = Debug;
		};
		E718F22E249DCD3300685D59 /* Release */ = {
			isa = XCBuildConfiguration;
			baseConfigurationReference = 91012E4A866863ADC80CE64B /* Pods-Swift5 RemotePushTests.release.xcconfig */;
			buildSettings = {
				ALWAYS_EMBED_SWIFT_STANDARD_LIBRARIES = YES;
				BUNDLE_LOADER = "$(TEST_HOST)";
				CODE_SIGN_STYLE = Automatic;
				INFOPLIST_FILE = "Swift5 RemotePushTests/Info.plist";
				IPHONEOS_DEPLOYMENT_TARGET = 13.4;
				LD_RUNPATH_SEARCH_PATHS = (
					"$(inherited)",
					"@executable_path/Frameworks",
					"@loader_path/Frameworks",
				);
				PRODUCT_BUNDLE_IDENTIFIER = "com.-Hiroaki-Hirabayashi.Swift5-RemotePushTests";
				PRODUCT_NAME = "$(TARGET_NAME)";
				SWIFT_VERSION = 5.0;
				TARGETED_DEVICE_FAMILY = "1,2";
				TEST_HOST = "$(BUILT_PRODUCTS_DIR)/Swift5 RemotePush.app/Swift5 RemotePush";
			};
			name = Release;
		};
		E718F230249DCD3300685D59 /* Debug */ = {
			isa = XCBuildConfiguration;
			baseConfigurationReference = 16BAC2822BEB261DF6880229 /* Pods-Swift5 RemotePush-Swift5 RemotePushUITests.debug.xcconfig */;
			buildSettings = {
				ALWAYS_EMBED_SWIFT_STANDARD_LIBRARIES = YES;
				CODE_SIGN_STYLE = Automatic;
				INFOPLIST_FILE = "Swift5 RemotePushUITests/Info.plist";
				LD_RUNPATH_SEARCH_PATHS = (
					"$(inherited)",
					"@executable_path/Frameworks",
					"@loader_path/Frameworks",
				);
				PRODUCT_BUNDLE_IDENTIFIER = "com.-Hiroaki-Hirabayashi.Swift5-RemotePushUITests";
				PRODUCT_NAME = "$(TARGET_NAME)";
				SWIFT_VERSION = 5.0;
				TARGETED_DEVICE_FAMILY = "1,2";
				TEST_TARGET_NAME = "Swift5 RemotePush";
			};
			name = Debug;
		};
		E718F231249DCD3300685D59 /* Release */ = {
			isa = XCBuildConfiguration;
			baseConfigurationReference = 2BCD7305E9E3F3EE235357CF /* Pods-Swift5 RemotePush-Swift5 RemotePushUITests.release.xcconfig */;
			buildSettings = {
				ALWAYS_EMBED_SWIFT_STANDARD_LIBRARIES = YES;
				CODE_SIGN_STYLE = Automatic;
				INFOPLIST_FILE = "Swift5 RemotePushUITests/Info.plist";
				LD_RUNPATH_SEARCH_PATHS = (
					"$(inherited)",
					"@executable_path/Frameworks",
					"@loader_path/Frameworks",
				);
				PRODUCT_BUNDLE_IDENTIFIER = "com.-Hiroaki-Hirabayashi.Swift5-RemotePushUITests";
				PRODUCT_NAME = "$(TARGET_NAME)";
				SWIFT_VERSION = 5.0;
				TARGETED_DEVICE_FAMILY = "1,2";
				TEST_TARGET_NAME = "Swift5 RemotePush";
			};
			name = Release;
		};
/* End XCBuildConfiguration section */

/* Begin XCConfigurationList section */
		E718F1FA249DCD2E00685D59 /* Build configuration list for PBXProject "Swift5 RemotePush" */ = {
			isa = XCConfigurationList;
			buildConfigurations = (
				E718F227249DCD3300685D59 /* Debug */,
				E718F228249DCD3300685D59 /* Release */,
			);
			defaultConfigurationIsVisible = 0;
			defaultConfigurationName = Release;
		};
		E718F229249DCD3300685D59 /* Build configuration list for PBXNativeTarget "Swift5 RemotePush" */ = {
			isa = XCConfigurationList;
			buildConfigurations = (
				E718F22A249DCD3300685D59 /* Debug */,
				E718F22B249DCD3300685D59 /* Release */,
			);
			defaultConfigurationIsVisible = 0;
			defaultConfigurationName = Release;
		};
		E718F22C249DCD3300685D59 /* Build configuration list for PBXNativeTarget "Swift5 RemotePushTests" */ = {
			isa = XCConfigurationList;
			buildConfigurations = (
				E718F22D249DCD3300685D59 /* Debug */,
				E718F22E249DCD3300685D59 /* Release */,
			);
			defaultConfigurationIsVisible = 0;
			defaultConfigurationName = Release;
		};
		E718F22F249DCD3300685D59 /* Build configuration list for PBXNativeTarget "Swift5 RemotePushUITests" */ = {
			isa = XCConfigurationList;
			buildConfigurations = (
				E718F230249DCD3300685D59 /* Debug */,
				E718F231249DCD3300685D59 /* Release */,
			);
			defaultConfigurationIsVisible = 0;
			defaultConfigurationName = Release;
		};
/* End XCConfigurationList section */
	};
	rootObject = E718F1F7249DCD2E00685D59 /* Project object */;
}
